{
  "version": 4,
  "terraform_version": "1.11.4",
  "serial": 127,
  "lineage": "b532ee69-275e-0b67-b3f2-0028143cafa2",
  "outputs": {
    "alb_dns_name": {
      "value": "dr-project-alb-1575856132.us-east-1.elb.amazonaws.com",
      "type": "string"
    },
    "alb_sg_name": {
      "value": "sg-0e456f3881822aa7a",
      "type": "string"
    },
    "database_sg_name": {
      "value": "sg-0f6bdf3342b43ff60",
      "type": "string"
    },
    "ec2_sg_name": {
      "value": "sg-0de8115b372bbda70",
      "type": "string"
    },
    "health_check_id": {
      "value": "ad1eb96e-2a47-407f-a4c0-ce8707f88bce",
      "type": "string"
    },
    "private_subnets": {
      "value": [
        "subnet-049976a64bf19929b",
        "subnet-0325059530211de49"
      ],
      "type": [
        "tuple",
        [
          "string",
          "string"
        ]
      ]
    },
    "public_subnets": {
      "value": [
        "subnet-0b1ffdd76fde268d3",
        "subnet-003fafaa90a8a63ce"
      ],
      "type": [
        "tuple",
        [
          "string",
          "string"
        ]
      ]
    },
    "vpc_id": {
      "value": "vpc-0245e1da1ac66ad13",
      "type": "string"
    }
  },
  "resources": [
    {
      "mode": "data",
      "type": "terraform_remote_state",
      "name": "primary",
      "provider": "provider[\"terraform.io/builtin/terraform\"]",
      "instances": [
        {
          "schema_version": 0,
          "attributes": {
            "backend": "s3",
            "config": {
              "value": {
                "bucket": "dr-project-bucket-pilot",
                "key": "terraform.tfstate",
                "region": "us-east-1"
              },
              "type": [
                "object",
                {
                  "bucket": "string",
                  "key": "string",
                  "region": "string"
                }
              ]
            },
            "defaults": null,
            "outputs": {
              "value": {
                "acm_cert_arn": "arn:aws:acm:us-east-2:459058737090:certificate/a676618e-e6b1-4c6d-a38a-0fbdd52892c5",
                "alb_dns_name": "dr-project-alb-1351975132.us-east-2.elb.amazonaws.com",
                "alb_sg_name": "sg-0366662d2b2ec2a4b",
                "database_sg_name": "sg-0f8dc4c06ec9f49fa",
                "db_hostname": "postgres-db.ctoecs22qls6.us-east-2.rds.amazonaws.com",
                "db_instance_arn": "arn:aws:rds:us-east-2:459058737090:db:postgres-db",
                "ec2_sg_name": "sg-0f1342ab2db23a91f",
                "health_check_id": "ad1eb96e-2a47-407f-a4c0-ce8707f88bce",
                "private_subnets": [
                  "subnet-0ae2e307d23ef08db",
                  "subnet-0b12d65d6d7853c92"
                ],
                "public_subnets": [
                  "subnet-092be6aec1e71e68d",
                  "subnet-03048db89cee51545"
                ],
                "vpc_id": "vpc-0ec1fee1e5d92e720"
              },
              "type": [
                "object",
                {
                  "acm_cert_arn": "string",
                  "alb_dns_name": "string",
                  "alb_sg_name": "string",
                  "database_sg_name": "string",
                  "db_hostname": "string",
                  "db_instance_arn": "string",
                  "ec2_sg_name": "string",
                  "health_check_id": "string",
                  "private_subnets": [
                    "tuple",
                    [
                      "string",
                      "string"
                    ]
                  ],
                  "public_subnets": [
                    "tuple",
                    [
                      "string",
                      "string"
                    ]
                  ],
                  "vpc_id": "string"
                }
              ]
            },
            "workspace": null
          },
          "sensitive_attributes": []
        }
      ]
    },
    {
      "module": "module.acm_dr",
      "mode": "managed",
      "type": "aws_acm_certificate",
      "name": "cert",
      "provider": "provider[\"registry.terraform.io/hashicorp/aws\"]",
      "instances": [
        {
          "schema_version": 0,
          "attributes": {
            "arn": "arn:aws:acm:us-east-1:459058737090:certificate/015590c6-c626-426d-92dc-3faf486cd2a0",
            "certificate_authority_arn": "",
            "certificate_body": null,
            "certificate_chain": null,
            "domain_name": "seyram.site",
            "domain_validation_options": [
              {
                "domain_name": "seyram.site",
                "resource_record_name": "_dc277c0623359e0d3c5ec534dfddc52c.seyram.site.",
                "resource_record_type": "CNAME",
                "resource_record_value": "_da5a2c0afc1c935593db827e7d1ff1bd.xlfgrmvvlj.acm-validations.aws."
              },
              {
                "domain_name": "www.seyram.site",
                "resource_record_name": "_4f387271b69b7a21c13f18435c1997fa.www.seyram.site.",
                "resource_record_type": "CNAME",
                "resource_record_value": "_443f17c08bfab03287844a78ff962199.xlfgrmvvlj.acm-validations.aws."
              }
            ],
            "early_renewal_duration": "",
            "id": "arn:aws:acm:us-east-1:459058737090:certificate/015590c6-c626-426d-92dc-3faf486cd2a0",
            "key_algorithm": "RSA_2048",
            "not_after": "",
            "not_before": "",
            "options": [
              {
                "certificate_transparency_logging_preference": "ENABLED"
              }
            ],
            "pending_renewal": false,
            "private_key": null,
            "renewal_eligibility": "INELIGIBLE",
            "renewal_summary": [],
            "status": "PENDING_VALIDATION",
            "subject_alternative_names": [
              "seyram.site",
              "www.seyram.site"
            ],
            "tags": null,
            "tags_all": {},
            "type": "AMAZON_ISSUED",
            "validation_emails": [],
            "validation_method": "DNS",
            "validation_option": []
          },
          "sensitive_attributes": [
            [
              {
                "type": "get_attr",
                "value": "private_key"
              }
            ]
          ],
          "private": "bnVsbA==",
          "create_before_destroy": true
        }
      ]
    },
    {
      "module": "module.acm_dr",
      "mode": "managed",
      "type": "aws_acm_certificate_validation",
      "name": "cert",
      "provider": "provider[\"registry.terraform.io/hashicorp/aws\"]",
      "instances": [
        {
          "schema_version": 0,
          "attributes": {
            "certificate_arn": "arn:aws:acm:us-east-1:459058737090:certificate/015590c6-c626-426d-92dc-3faf486cd2a0",
            "id": "0001-01-01 00:00:00 +0000 UTC",
            "timeouts": null,
            "validation_record_fqdns": [
              "_4f387271b69b7a21c13f18435c1997fa.www.seyram.site.",
              "_dc277c0623359e0d3c5ec534dfddc52c.seyram.site."
            ]
          },
          "sensitive_attributes": [],
          "private": "eyJlMmJmYjczMC1lY2FhLTExZTYtOGY4OC0zNDM2M2JjN2M0YzAiOnsiY3JlYXRlIjo0NTAwMDAwMDAwMDAwfX0=",
          "dependencies": [
            "module.acm_dr.aws_acm_certificate.cert"
          ]
        }
      ]
    },
    {
      "module": "module.alb_dr",
      "mode": "managed",
      "type": "aws_lb",
      "name": "app_alb",
      "provider": "provider[\"registry.terraform.io/hashicorp/aws\"]",
      "instances": [
        {
          "schema_version": 0,
          "attributes": {
            "access_logs": [
              {
                "bucket": "",
                "enabled": false,
                "prefix": ""
              }
            ],
            "arn": "arn:aws:elasticloadbalancing:us-east-1:459058737090:loadbalancer/app/dr-project-alb/b7880be59ff225da",
            "arn_suffix": "app/dr-project-alb/b7880be59ff225da",
            "client_keep_alive": 3600,
            "connection_logs": [
              {
                "bucket": "",
                "enabled": false,
                "prefix": ""
              }
            ],
            "customer_owned_ipv4_pool": "",
            "desync_mitigation_mode": "defensive",
            "dns_name": "dr-project-alb-1575856132.us-east-1.elb.amazonaws.com",
            "dns_record_client_routing_policy": null,
            "drop_invalid_header_fields": false,
            "enable_cross_zone_load_balancing": true,
            "enable_deletion_protection": false,
            "enable_http2": true,
            "enable_tls_version_and_cipher_suite_headers": false,
            "enable_waf_fail_open": false,
            "enable_xff_client_port": false,
            "enable_zonal_shift": false,
            "enforce_security_group_inbound_rules_on_private_link_traffic": "",
            "id": "arn:aws:elasticloadbalancing:us-east-1:459058737090:loadbalancer/app/dr-project-alb/b7880be59ff225da",
            "idle_timeout": 60,
            "internal": false,
            "ip_address_type": "ipv4",
            "ipam_pools": [],
            "load_balancer_type": "application",
            "name": "dr-project-alb",
            "name_prefix": "",
            "preserve_host_header": false,
            "security_groups": [
              "sg-0e456f3881822aa7a"
            ],
            "subnet_mapping": [
              {
                "allocation_id": "",
                "ipv6_address": "",
                "outpost_id": "",
                "private_ipv4_address": "",
                "subnet_id": "subnet-003fafaa90a8a63ce"
              },
              {
                "allocation_id": "",
                "ipv6_address": "",
                "outpost_id": "",
                "private_ipv4_address": "",
                "subnet_id": "subnet-0b1ffdd76fde268d3"
              }
            ],
            "subnets": [
              "subnet-003fafaa90a8a63ce",
              "subnet-0b1ffdd76fde268d3"
            ],
            "tags": null,
            "tags_all": {},
            "timeouts": null,
            "vpc_id": "vpc-0245e1da1ac66ad13",
            "xff_header_processing_mode": "append",
            "zone_id": "Z35SXDOTRQ7X7K"
          },
          "sensitive_attributes": [],
          "private": "eyJlMmJmYjczMC1lY2FhLTExZTYtOGY4OC0zNDM2M2JjN2M0YzAiOnsiY3JlYXRlIjo2MDAwMDAwMDAwMDAsImRlbGV0ZSI6NjAwMDAwMDAwMDAwLCJ1cGRhdGUiOjYwMDAwMDAwMDAwMH19",
          "dependencies": [
            "module.security_group_dr.aws_security_group.alb_sg",
            "module.vpc_dr.aws_subnet.dr_project_public_subnet",
            "module.vpc_dr.aws_vpc.dr_project_vpc"
          ]
        }
      ]
    },
    {
      "module": "module.alb_dr",
      "mode": "managed",
      "type": "aws_lb_listener",
      "name": "http_redirect",
      "provider": "provider[\"registry.terraform.io/hashicorp/aws\"]",
      "instances": [
        {
          "schema_version": 0,
          "attributes": {
            "alpn_policy": null,
            "arn": "arn:aws:elasticloadbalancing:us-east-1:459058737090:listener/app/dr-project-alb/b7880be59ff225da/f1707ccfda371f04",
            "certificate_arn": null,
            "default_action": [
              {
                "authenticate_cognito": [],
                "authenticate_oidc": [],
                "fixed_response": [],
                "forward": [],
                "order": 1,
                "redirect": [
                  {
                    "host": "#{host}",
                    "path": "/#{path}",
                    "port": "443",
                    "protocol": "HTTPS",
                    "query": "#{query}",
                    "status_code": "HTTP_301"
                  }
                ],
                "target_group_arn": "",
                "type": "redirect"
              }
            ],
            "id": "arn:aws:elasticloadbalancing:us-east-1:459058737090:listener/app/dr-project-alb/b7880be59ff225da/f1707ccfda371f04",
            "load_balancer_arn": "arn:aws:elasticloadbalancing:us-east-1:459058737090:loadbalancer/app/dr-project-alb/b7880be59ff225da",
            "mutual_authentication": [],
            "port": 80,
            "protocol": "HTTP",
            "routing_http_request_x_amzn_mtls_clientcert_header_name": null,
            "routing_http_request_x_amzn_mtls_clientcert_issuer_header_name": null,
            "routing_http_request_x_amzn_mtls_clientcert_leaf_header_name": null,
            "routing_http_request_x_amzn_mtls_clientcert_serial_number_header_name": null,
            "routing_http_request_x_amzn_mtls_clientcert_subject_header_name": null,
            "routing_http_request_x_amzn_mtls_clientcert_validity_header_name": null,
            "routing_http_request_x_amzn_tls_cipher_suite_header_name": null,
            "routing_http_request_x_amzn_tls_version_header_name": null,
            "routing_http_response_access_control_allow_credentials_header_value": "",
            "routing_http_response_access_control_allow_headers_header_value": "",
            "routing_http_response_access_control_allow_methods_header_value": "",
            "routing_http_response_access_control_allow_origin_header_value": "",
            "routing_http_response_access_control_expose_headers_header_value": "",
            "routing_http_response_access_control_max_age_header_value": "",
            "routing_http_response_content_security_policy_header_value": "",
            "routing_http_response_server_enabled": false,
            "routing_http_response_strict_transport_security_header_value": "",
            "routing_http_response_x_content_type_options_header_value": "",
            "routing_http_response_x_frame_options_header_value": "",
            "ssl_policy": "",
            "tags": null,
            "tags_all": {},
            "tcp_idle_timeout_seconds": null,
            "timeouts": null
          },
          "sensitive_attributes": [],
          "private": "eyJlMmJmYjczMC1lY2FhLTExZTYtOGY4OC0zNDM2M2JjN2M0YzAiOnsiY3JlYXRlIjozMDAwMDAwMDAwMDAsInVwZGF0ZSI6MzAwMDAwMDAwMDAwfX0=",
          "dependencies": [
            "module.alb_dr.aws_lb.app_alb",
            "module.security_group_dr.aws_security_group.alb_sg",
            "module.vpc_dr.aws_subnet.dr_project_public_subnet",
            "module.vpc_dr.aws_vpc.dr_project_vpc"
          ]
        }
      ]
    },
    {
      "module": "module.alb_dr",
      "mode": "managed",
      "type": "aws_lb_listener",
      "name": "https_listener",
      "provider": "provider[\"registry.terraform.io/hashicorp/aws\"]",
      "instances": [
        {
          "schema_version": 0,
          "attributes": {
            "alpn_policy": null,
            "arn": "arn:aws:elasticloadbalancing:us-east-1:459058737090:listener/app/dr-project-alb/b7880be59ff225da/f95366b82231721a",
            "certificate_arn": "arn:aws:acm:us-east-1:459058737090:certificate/015590c6-c626-426d-92dc-3faf486cd2a0",
            "default_action": [
              {
                "authenticate_cognito": [],
                "authenticate_oidc": [],
                "fixed_response": [],
                "forward": [],
                "order": 1,
                "redirect": [],
                "target_group_arn": "arn:aws:elasticloadbalancing:us-east-1:459058737090:targetgroup/dr-project-tg/075a48e16794babc",
                "type": "forward"
              }
            ],
            "id": "arn:aws:elasticloadbalancing:us-east-1:459058737090:listener/app/dr-project-alb/b7880be59ff225da/f95366b82231721a",
            "load_balancer_arn": "arn:aws:elasticloadbalancing:us-east-1:459058737090:loadbalancer/app/dr-project-alb/b7880be59ff225da",
            "mutual_authentication": [
              {
                "advertise_trust_store_ca_names": "",
                "ignore_client_certificate_expiry": false,
                "mode": "off",
                "trust_store_arn": ""
              }
            ],
            "port": 443,
            "protocol": "HTTPS",
            "routing_http_request_x_amzn_mtls_clientcert_header_name": "",
            "routing_http_request_x_amzn_mtls_clientcert_issuer_header_name": "",
            "routing_http_request_x_amzn_mtls_clientcert_leaf_header_name": "",
            "routing_http_request_x_amzn_mtls_clientcert_serial_number_header_name": "",
            "routing_http_request_x_amzn_mtls_clientcert_subject_header_name": "",
            "routing_http_request_x_amzn_mtls_clientcert_validity_header_name": "",
            "routing_http_request_x_amzn_tls_cipher_suite_header_name": "",
            "routing_http_request_x_amzn_tls_version_header_name": "",
            "routing_http_response_access_control_allow_credentials_header_value": "",
            "routing_http_response_access_control_allow_headers_header_value": "",
            "routing_http_response_access_control_allow_methods_header_value": "",
            "routing_http_response_access_control_allow_origin_header_value": "",
            "routing_http_response_access_control_expose_headers_header_value": "",
            "routing_http_response_access_control_max_age_header_value": "",
            "routing_http_response_content_security_policy_header_value": "",
            "routing_http_response_server_enabled": false,
            "routing_http_response_strict_transport_security_header_value": "",
            "routing_http_response_x_content_type_options_header_value": "",
            "routing_http_response_x_frame_options_header_value": "",
            "ssl_policy": "ELBSecurityPolicy-FS-1-2-Res-2019-08",
            "tags": null,
            "tags_all": {},
            "tcp_idle_timeout_seconds": null,
            "timeouts": null
          },
          "sensitive_attributes": [],
          "private": "eyJlMmJmYjczMC1lY2FhLTExZTYtOGY4OC0zNDM2M2JjN2M0YzAiOnsiY3JlYXRlIjozMDAwMDAwMDAwMDAsInVwZGF0ZSI6MzAwMDAwMDAwMDAwfX0=",
          "dependencies": [
            "module.acm_dr.aws_acm_certificate.cert",
            "module.acm_dr.aws_acm_certificate_validation.cert",
            "module.alb_dr.aws_lb.app_alb",
            "module.alb_dr.aws_lb_target_group.app_tg",
            "module.security_group_dr.aws_security_group.alb_sg",
            "module.vpc_dr.aws_subnet.dr_project_public_subnet",
            "module.vpc_dr.aws_vpc.dr_project_vpc"
          ]
        }
      ]
    },
    {
      "module": "module.alb_dr",
      "mode": "managed",
      "type": "aws_lb_target_group",
      "name": "app_tg",
      "provider": "provider[\"registry.terraform.io/hashicorp/aws\"]",
      "instances": [
        {
          "schema_version": 0,
          "attributes": {
            "arn": "arn:aws:elasticloadbalancing:us-east-1:459058737090:targetgroup/dr-project-tg/075a48e16794babc",
            "arn_suffix": "targetgroup/dr-project-tg/075a48e16794babc",
            "connection_termination": null,
            "deregistration_delay": "300",
            "health_check": [
              {
                "enabled": true,
                "healthy_threshold": 3,
                "interval": 30,
                "matcher": "200",
                "path": "/",
                "port": "traffic-port",
                "protocol": "HTTP",
                "timeout": 5,
                "unhealthy_threshold": 2
              }
            ],
            "id": "arn:aws:elasticloadbalancing:us-east-1:459058737090:targetgroup/dr-project-tg/075a48e16794babc",
            "ip_address_type": "ipv4",
            "lambda_multi_value_headers_enabled": false,
            "load_balancer_arns": [],
            "load_balancing_algorithm_type": "round_robin",
            "load_balancing_anomaly_mitigation": "off",
            "load_balancing_cross_zone_enabled": "use_load_balancer_configuration",
            "name": "dr-project-tg",
            "name_prefix": "",
            "port": 80,
            "preserve_client_ip": null,
            "protocol": "HTTP",
            "protocol_version": "HTTP1",
            "proxy_protocol_v2": false,
            "slow_start": 0,
            "stickiness": [
              {
                "cookie_duration": 86400,
                "cookie_name": "",
                "enabled": false,
                "type": "lb_cookie"
              }
            ],
            "tags": null,
            "tags_all": {},
            "target_failover": [
              {
                "on_deregistration": null,
                "on_unhealthy": null
              }
            ],
            "target_group_health": [
              {
                "dns_failover": [
                  {
                    "minimum_healthy_targets_count": "1",
                    "minimum_healthy_targets_percentage": "off"
                  }
                ],
                "unhealthy_state_routing": [
                  {
                    "minimum_healthy_targets_count": 1,
                    "minimum_healthy_targets_percentage": "off"
                  }
                ]
              }
            ],
            "target_health_state": [
              {
                "enable_unhealthy_connection_termination": null,
                "unhealthy_draining_interval": null
              }
            ],
            "target_type": "instance",
            "vpc_id": "vpc-0245e1da1ac66ad13"
          },
          "sensitive_attributes": [],
          "private": "bnVsbA==",
          "dependencies": [
            "module.vpc_dr.aws_vpc.dr_project_vpc"
          ],
          "create_before_destroy": true
        }
      ]
    },
    {
      "module": "module.autoscaling_group_dr",
      "mode": "managed",
      "type": "aws_autoscaling_group",
      "name": "ec2_asg",
      "provider": "provider[\"registry.terraform.io/hashicorp/aws\"]",
      "instances": [
        {
          "schema_version": 1,
          "attributes": {
            "arn": "arn:aws:autoscaling:us-east-1:459058737090:autoScalingGroup:54366bde-d8e0-42c3-b537-361180b3669e:autoScalingGroupName/dr-project-ec2-pilot-asg",
            "availability_zone_distribution": [
              {
                "capacity_distribution_strategy": "balanced-best-effort"
              }
            ],
            "availability_zones": [
              "us-east-1a",
              "us-east-1b"
            ],
            "capacity_rebalance": false,
            "context": "",
            "default_cooldown": 300,
            "default_instance_warmup": 0,
            "desired_capacity": 0,
            "desired_capacity_type": "",
            "enabled_metrics": null,
            "force_delete": false,
            "force_delete_warm_pool": false,
            "health_check_grace_period": 300,
            "health_check_type": "EC2",
            "id": "dr-project-ec2-pilot-asg",
            "ignore_failed_scaling_activities": false,
            "initial_lifecycle_hook": [],
            "instance_maintenance_policy": [],
            "instance_refresh": [],
            "launch_configuration": "",
            "launch_template": [
              {
                "id": "lt-0c11db1367cb31e7c",
                "name": "dr-project-ec2-pilot-lt-20250422100120546300000007",
                "version": "1"
              }
            ],
            "load_balancers": [],
            "max_instance_lifetime": 0,
            "max_size": 2,
            "metrics_granularity": "1Minute",
            "min_elb_capacity": null,
            "min_size": 0,
            "mixed_instances_policy": [],
            "name": "dr-project-ec2-pilot-asg",
            "name_prefix": "",
            "placement_group": "",
            "predicted_capacity": 0,
            "protect_from_scale_in": false,
            "service_linked_role_arn": "arn:aws:iam::459058737090:role/aws-service-role/autoscaling.amazonaws.com/AWSServiceRoleForAutoScaling",
            "suspended_processes": null,
            "tag": [
              {
                "key": "Name",
                "propagate_at_launch": true,
                "value": "dr-project-ec2-pilot"
              }
            ],
            "target_group_arns": [
              "arn:aws:elasticloadbalancing:us-east-1:459058737090:targetgroup/dr-project-tg/075a48e16794babc"
            ],
            "termination_policies": null,
            "timeouts": null,
            "traffic_source": [
              {
                "identifier": "arn:aws:elasticloadbalancing:us-east-1:459058737090:targetgroup/dr-project-tg/075a48e16794babc",
                "type": "elbv2"
              }
            ],
            "vpc_zone_identifier": [
              "subnet-003fafaa90a8a63ce",
              "subnet-0b1ffdd76fde268d3"
            ],
            "wait_for_capacity_timeout": "10m",
            "wait_for_elb_capacity": null,
            "warm_pool": [],
            "warm_pool_size": 0
          },
          "sensitive_attributes": [],
          "private": "eyJlMmJmYjczMC1lY2FhLTExZTYtOGY4OC0zNDM2M2JjN2M0YzAiOnsiZGVsZXRlIjo2MDAwMDAwMDAwMDAsInVwZGF0ZSI6NjAwMDAwMDAwMDAwfSwic2NoZW1hX3ZlcnNpb24iOiIxIn0=",
          "dependencies": [
            "module.alb_dr.aws_lb_target_group.app_tg",
            "module.launch_template_dr.aws_iam_instance_profile.ec2_profile",
            "module.launch_template_dr.aws_iam_role.ec2_secrets_access",
            "module.launch_template_dr.aws_launch_template.ec2_template",
            "module.launch_template_dr.data.aws_ami.ubuntu",
            "module.security_group_dr.aws_security_group.ec2_sg",
            "module.vpc_dr.aws_subnet.dr_project_public_subnet",
            "module.vpc_dr.aws_vpc.dr_project_vpc"
          ],
          "create_before_destroy": true
        }
      ]
    },
    {
      "module": "module.lambda_failover",
      "mode": "managed",
      "type": "aws_iam_role",
      "name": "lambda_exec",
      "provider": "provider[\"registry.terraform.io/hashicorp/aws\"]",
      "instances": [
        {
          "schema_version": 0,
          "attributes": {
            "arn": "arn:aws:iam::459058737090:role/lambda-rds-failover-role",
            "assume_role_policy": "{\"Statement\":[{\"Action\":\"sts:AssumeRole\",\"Effect\":\"Allow\",\"Principal\":{\"Service\":\"lambda.amazonaws.com\"}}],\"Version\":\"2012-10-17\"}",
            "create_date": "2025-04-22T10:01:12Z",
            "description": "",
            "force_detach_policies": false,
            "id": "lambda-rds-failover-role",
            "inline_policy": [],
            "managed_policy_arns": [],
            "max_session_duration": 3600,
            "name": "lambda-rds-failover-role",
            "name_prefix": "",
            "path": "/",
            "permissions_boundary": "",
            "tags": null,
            "tags_all": {},
            "unique_id": "AROAWVYQIN7BGMYBRWPMT"
          },
          "sensitive_attributes": [],
          "private": "bnVsbA=="
        }
      ]
    },
    {
      "module": "module.lambda_failover",
      "mode": "managed",
      "type": "aws_iam_role_policy",
      "name": "asg_access",
      "provider": "provider[\"registry.terraform.io/hashicorp/aws\"]",
      "instances": [
        {
          "schema_version": 0,
          "attributes": {
            "id": "lambda-rds-failover-role:lambda-asg-policy",
            "name": "lambda-asg-policy",
            "name_prefix": "",
            "policy": "{\"Version\":\"2012-10-17\",\"Statement\":[{\"Action\":[\"autoscaling:UpdateAutoScalingGroup\",\"autoscaling:DescribeAutoScalingGroups\"],\"Effect\":\"Allow\",\"Resource\":\"*\"}]}",
            "role": "lambda-rds-failover-role"
          },
          "sensitive_attributes": [],
          "private": "bnVsbA==",
          "dependencies": [
            "module.lambda_failover.aws_iam_role.lambda_exec"
          ]
        }
      ]
    },
    {
      "module": "module.lambda_failover",
      "mode": "managed",
      "type": "aws_iam_role_policy",
      "name": "secretsmanager_access",
      "provider": "provider[\"registry.terraform.io/hashicorp/aws\"]",
      "instances": [
        {
          "schema_version": 0,
          "attributes": {
            "id": "lambda-rds-failover-role:lambda-secretsmanager-policy",
            "name": "lambda-secretsmanager-policy",
            "name_prefix": "",
            "policy": "{\"Version\":\"2012-10-17\",\"Statement\":[{\"Action\":[\"secretsmanager:CreateSecret\",\"secretsmanager:UpdateSecret\",\"secretsmanager:GetSecretValue\",\"secretsmanager:DescribeSecret\",\"secretsmanager:PutSecretValue\",\"secretsmanager:TagResource\"],\"Effect\":\"Allow\",\"Resource\":\"*\"}]}",
            "role": "lambda-rds-failover-role"
          },
          "sensitive_attributes": [],
          "private": "bnVsbA==",
          "dependencies": [
            "module.lambda_failover.aws_iam_role.lambda_exec"
          ]
        }
      ]
    },
    {
      "module": "module.lambda_failover",
      "mode": "managed",
      "type": "aws_iam_role_policy_attachment",
      "name": "cloudwatch_logs",
      "provider": "provider[\"registry.terraform.io/hashicorp/aws\"]",
      "instances": [
        {
          "schema_version": 0,
          "attributes": {
            "id": "lambda-rds-failover-role-20250422100112995500000004",
            "policy_arn": "arn:aws:iam::aws:policy/service-role/AWSLambdaBasicExecutionRole",
            "role": "lambda-rds-failover-role"
          },
          "sensitive_attributes": [],
          "private": "bnVsbA==",
          "dependencies": [
            "module.lambda_failover.aws_iam_role.lambda_exec"
          ]
        }
      ]
    },
    {
      "module": "module.lambda_failover",
      "mode": "managed",
      "type": "aws_iam_role_policy_attachment",
      "name": "rds_access",
      "provider": "provider[\"registry.terraform.io/hashicorp/aws\"]",
      "instances": [
        {
          "schema_version": 0,
          "attributes": {
            "id": "lambda-rds-failover-role-20250422100112821700000003",
            "policy_arn": "arn:aws:iam::aws:policy/AmazonRDSFullAccess",
            "role": "lambda-rds-failover-role"
          },
          "sensitive_attributes": [],
          "private": "bnVsbA==",
          "dependencies": [
            "module.lambda_failover.aws_iam_role.lambda_exec"
          ]
        }
      ]
    },
    {
      "module": "module.lambda_failover",
      "mode": "managed",
      "type": "aws_lambda_function",
      "name": "failover",
      "provider": "provider[\"registry.terraform.io/hashicorp/aws\"]",
      "instances": [
        {
          "schema_version": 0,
          "attributes": {
            "architectures": [
              "x86_64"
            ],
            "arn": "arn:aws:lambda:us-east-1:459058737090:function:rds-failover-lambda",
            "code_sha256": "cR53FimT03jvPC7ZdzbN27Nh14yBzd5WiE7NjaAvKKI=",
            "code_signing_config_arn": "",
            "dead_letter_config": [],
            "description": "",
            "environment": [],
            "ephemeral_storage": [
              {
                "size": 512
              }
            ],
            "file_system_config": [],
            "filename": "../scripts/lambda.zip",
            "function_name": "rds-failover-lambda",
            "handler": "lambda_function.lambda_handler",
            "id": "rds-failover-lambda",
            "image_config": [],
            "image_uri": "",
            "invoke_arn": "arn:aws:apigateway:us-east-1:lambda:path/2015-03-31/functions/arn:aws:lambda:us-east-1:459058737090:function:rds-failover-lambda/invocations",
            "kms_key_arn": "",
            "last_modified": "2025-04-22T10:01:22.869+0000",
            "layers": null,
            "logging_config": [
              {
                "application_log_level": "",
                "log_format": "Text",
                "log_group": "/aws/lambda/rds-failover-lambda",
                "system_log_level": ""
              }
            ],
            "memory_size": 128,
            "package_type": "Zip",
            "publish": false,
            "qualified_arn": "arn:aws:lambda:us-east-1:459058737090:function:rds-failover-lambda:$LATEST",
            "qualified_invoke_arn": "arn:aws:apigateway:us-east-1:lambda:path/2015-03-31/functions/arn:aws:lambda:us-east-1:459058737090:function:rds-failover-lambda:$LATEST/invocations",
            "replace_security_groups_on_destroy": null,
            "replacement_security_group_ids": null,
            "reserved_concurrent_executions": -1,
            "role": "arn:aws:iam::459058737090:role/lambda-rds-failover-role",
            "runtime": "python3.9",
            "s3_bucket": null,
            "s3_key": null,
            "s3_object_version": null,
            "signing_job_arn": "",
            "signing_profile_version_arn": "",
            "skip_destroy": false,
            "snap_start": [],
            "source_code_hash": "cR53FimT03jvPC7ZdzbN27Nh14yBzd5WiE7NjaAvKKI=",
            "source_code_size": 1096,
            "tags": null,
            "tags_all": {},
            "timeout": 3,
            "timeouts": null,
            "tracing_config": [
              {
                "mode": "PassThrough"
              }
            ],
            "version": "$LATEST",
            "vpc_config": []
          },
          "sensitive_attributes": [],
          "private": "eyJlMmJmYjczMC1lY2FhLTExZTYtOGY4OC0zNDM2M2JjN2M0YzAiOnsiY3JlYXRlIjo2MDAwMDAwMDAwMDAsImRlbGV0ZSI6NjAwMDAwMDAwMDAwLCJ1cGRhdGUiOjYwMDAwMDAwMDAwMH19",
          "dependencies": [
            "module.lambda_failover.aws_iam_role.lambda_exec"
          ]
        }
      ]
    },
    {
      "module": "module.lambda_failover",
      "mode": "managed",
      "type": "aws_lambda_permission",
      "name": "allow_sns",
      "provider": "provider[\"registry.terraform.io/hashicorp/aws\"]",
      "instances": [
        {
          "schema_version": 0,
          "attributes": {
            "action": "lambda:InvokeFunction",
            "event_source_token": null,
            "function_name": "rds-failover-lambda",
            "function_url_auth_type": null,
            "id": "AllowExecutionFromSNS",
            "principal": "sns.amazonaws.com",
            "principal_org_id": null,
            "qualifier": "",
            "source_account": null,
            "source_arn": "arn:aws:sns:us-east-1:459058737090:failover-alert-topic",
            "statement_id": "AllowExecutionFromSNS",
            "statement_id_prefix": ""
          },
          "sensitive_attributes": [],
          "private": "bnVsbA==",
          "dependencies": [
            "module.lambda_failover.aws_iam_role.lambda_exec",
            "module.lambda_failover.aws_lambda_function.failover",
            "module.monitoring_primary.aws_sns_topic.failover_topic"
          ]
        }
      ]
    },
    {
      "module": "module.lambda_failover",
      "mode": "managed",
      "type": "aws_sns_topic_subscription",
      "name": "lambda_sub",
      "provider": "provider[\"registry.terraform.io/hashicorp/aws\"]",
      "instances": [
        {
          "schema_version": 0,
          "attributes": {
            "arn": "arn:aws:sns:us-east-1:459058737090:failover-alert-topic:e071c4b3-cddb-462d-b58a-c4d4b74c057c",
            "confirmation_timeout_in_minutes": 1,
            "confirmation_was_authenticated": true,
            "delivery_policy": "",
            "endpoint": "arn:aws:lambda:us-east-1:459058737090:function:rds-failover-lambda",
            "endpoint_auto_confirms": false,
            "filter_policy": "",
            "filter_policy_scope": "",
            "id": "arn:aws:sns:us-east-1:459058737090:failover-alert-topic:e071c4b3-cddb-462d-b58a-c4d4b74c057c",
            "owner_id": "459058737090",
            "pending_confirmation": false,
            "protocol": "lambda",
            "raw_message_delivery": false,
            "redrive_policy": "",
            "replay_policy": "",
            "subscription_role_arn": "",
            "topic_arn": "arn:aws:sns:us-east-1:459058737090:failover-alert-topic"
          },
          "sensitive_attributes": [],
          "private": "bnVsbA==",
          "dependencies": [
            "module.lambda_failover.aws_iam_role.lambda_exec",
            "module.lambda_failover.aws_lambda_function.failover",
            "module.monitoring_primary.aws_sns_topic.failover_topic"
          ]
        }
      ]
    },
    {
      "module": "module.launch_template_dr",
      "mode": "data",
      "type": "aws_ami",
      "name": "ubuntu",
      "provider": "provider[\"registry.terraform.io/hashicorp/aws\"]",
      "instances": [
        {
          "schema_version": 0,
          "attributes": {
            "architecture": "x86_64",
            "arn": "arn:aws:ec2:us-east-1::image/ami-0069aa073aac75299",
            "block_device_mappings": [
              {
                "device_name": "/dev/sda1",
                "ebs": {
                  "delete_on_termination": "true",
                  "encrypted": "false",
                  "iops": "0",
                  "snapshot_id": "snap-0cb32ae398c8cd4eb",
                  "throughput": "0",
                  "volume_size": "8",
                  "volume_type": "gp2"
                },
                "no_device": "",
                "virtual_name": ""
              },
              {
                "device_name": "/dev/sdb",
                "ebs": {},
                "no_device": "",
                "virtual_name": "ephemeral0"
              },
              {
                "device_name": "/dev/sdc",
                "ebs": {},
                "no_device": "",
                "virtual_name": "ephemeral1"
              }
            ],
            "boot_mode": "legacy-bios",
            "creation_date": "2025-04-03T06:02:20.000Z",
            "deprecation_time": "2027-04-03T06:02:20.000Z",
            "description": "Canonical, Ubuntu, 20.04, amd64 focal image",
            "ena_support": true,
            "executable_users": null,
            "filter": [
              {
                "name": "name",
                "values": [
                  "ubuntu/images/hvm-ssd/ubuntu-focal-20.04-amd64-server-*"
                ]
              },
              {
                "name": "virtualization-type",
                "values": [
                  "hvm"
                ]
              }
            ],
            "hypervisor": "xen",
            "id": "ami-0069aa073aac75299",
            "image_id": "ami-0069aa073aac75299",
            "image_location": "amazon/ubuntu/images/hvm-ssd/ubuntu-focal-20.04-amd64-server-20250403",
            "image_owner_alias": "amazon",
            "image_type": "machine",
            "imds_support": "",
            "include_deprecated": false,
            "kernel_id": "",
            "most_recent": true,
            "name": "ubuntu/images/hvm-ssd/ubuntu-focal-20.04-amd64-server-20250403",
            "name_regex": null,
            "owner_id": "099720109477",
            "owners": [
              "099720109477"
            ],
            "platform": "",
            "platform_details": "Linux/UNIX",
            "product_codes": [],
            "public": true,
            "ramdisk_id": "",
            "root_device_name": "/dev/sda1",
            "root_device_type": "ebs",
            "root_snapshot_id": "snap-0cb32ae398c8cd4eb",
            "sriov_net_support": "simple",
            "state": "available",
            "state_reason": {
              "code": "UNSET",
              "message": "UNSET"
            },
            "tags": {},
            "timeouts": null,
            "tpm_support": "",
            "uefi_data": null,
            "usage_operation": "RunInstances",
            "virtualization_type": "hvm"
          },
          "sensitive_attributes": []
        }
      ]
    },
    {
      "module": "module.launch_template_dr",
      "mode": "managed",
      "type": "aws_iam_instance_profile",
      "name": "ec2_profile",
      "provider": "provider[\"registry.terraform.io/hashicorp/aws\"]",
      "instances": [
        {
          "schema_version": 0,
          "attributes": {
            "arn": "arn:aws:iam::459058737090:instance-profile/dr-project-ec2-pilot-profile",
            "create_date": "2025-04-22T10:01:13Z",
            "id": "dr-project-ec2-pilot-profile",
            "name": "dr-project-ec2-pilot-profile",
            "name_prefix": "",
            "path": "/",
            "role": "dr-project-ec2-pilot-secrets-role",
            "tags": null,
            "tags_all": {},
            "unique_id": "AIPAWVYQIN7BLD6I2W6KH"
          },
          "sensitive_attributes": [],
          "private": "bnVsbA==",
          "dependencies": [
            "module.launch_template_dr.aws_iam_role.ec2_secrets_access"
          ],
          "create_before_destroy": true
        }
      ]
    },
    {
      "module": "module.launch_template_dr",
      "mode": "managed",
      "type": "aws_iam_policy",
      "name": "secrets_read_policy",
      "provider": "provider[\"registry.terraform.io/hashicorp/aws\"]",
      "instances": [
        {
          "schema_version": 0,
          "attributes": {
            "arn": "arn:aws:iam::459058737090:policy/dr-project-ec2-pilot-secrets-read-policy",
            "attachment_count": 0,
            "description": "",
            "id": "arn:aws:iam::459058737090:policy/dr-project-ec2-pilot-secrets-read-policy",
            "name": "dr-project-ec2-pilot-secrets-read-policy",
            "name_prefix": "",
            "path": "/",
            "policy": "{\"Statement\":[{\"Action\":[\"secretsmanager:GetSecretValue\",\"secretsmanager:DescribeSecret\"],\"Effect\":\"Allow\",\"Resource\":\"*\"}],\"Version\":\"2012-10-17\"}",
            "policy_id": "ANPAWVYQIN7BCVBGWHT23",
            "tags": null,
            "tags_all": {}
          },
          "sensitive_attributes": [],
          "private": "bnVsbA=="
        }
      ]
    },
    {
      "module": "module.launch_template_dr",
      "mode": "managed",
      "type": "aws_iam_role",
      "name": "ec2_secrets_access",
      "provider": "provider[\"registry.terraform.io/hashicorp/aws\"]",
      "instances": [
        {
          "schema_version": 0,
          "attributes": {
            "arn": "arn:aws:iam::459058737090:role/dr-project-ec2-pilot-secrets-role",
            "assume_role_policy": "{\"Statement\":[{\"Action\":\"sts:AssumeRole\",\"Effect\":\"Allow\",\"Principal\":{\"Service\":\"ec2.amazonaws.com\"}}],\"Version\":\"2012-10-17\"}",
            "create_date": "2025-04-22T10:01:12Z",
            "description": "",
            "force_detach_policies": false,
            "id": "dr-project-ec2-pilot-secrets-role",
            "inline_policy": [],
            "managed_policy_arns": [],
            "max_session_duration": 3600,
            "name": "dr-project-ec2-pilot-secrets-role",
            "name_prefix": "",
            "path": "/",
            "permissions_boundary": "",
            "tags": null,
            "tags_all": {},
            "unique_id": "AROAWVYQIN7BAQEXTWHLO"
          },
          "sensitive_attributes": [],
          "private": "bnVsbA==",
          "create_before_destroy": true
        }
      ]
    },
    {
      "module": "module.launch_template_dr",
      "mode": "managed",
      "type": "aws_iam_role_policy_attachment",
      "name": "attach_policy",
      "provider": "provider[\"registry.terraform.io/hashicorp/aws\"]",
      "instances": [
        {
          "schema_version": 0,
          "attributes": {
            "id": "dr-project-ec2-pilot-secrets-role-20250422100112732500000002",
            "policy_arn": "arn:aws:iam::459058737090:policy/dr-project-ec2-pilot-secrets-read-policy",
            "role": "dr-project-ec2-pilot-secrets-role"
          },
          "sensitive_attributes": [],
          "private": "bnVsbA==",
          "dependencies": [
            "module.launch_template_dr.aws_iam_policy.secrets_read_policy",
            "module.launch_template_dr.aws_iam_role.ec2_secrets_access"
          ]
        }
      ]
    },
    {
      "module": "module.launch_template_dr",
      "mode": "managed",
      "type": "aws_launch_template",
      "name": "ec2_template",
      "provider": "provider[\"registry.terraform.io/hashicorp/aws\"]",
      "instances": [
        {
          "schema_version": 0,
          "attributes": {
            "arn": "arn:aws:ec2:us-east-1:459058737090:launch-template/lt-0c11db1367cb31e7c",
            "block_device_mappings": [],
            "capacity_reservation_specification": [],
            "cpu_options": [],
            "credit_specification": [],
            "default_version": 1,
            "description": "",
            "disable_api_stop": false,
            "disable_api_termination": false,
            "ebs_optimized": "",
            "elastic_gpu_specifications": [],
            "elastic_inference_accelerator": [],
            "enclave_options": [],
            "hibernation_options": [],
            "iam_instance_profile": [
              {
                "arn": "",
                "name": "dr-project-ec2-pilot-profile"
              }
            ],
            "id": "lt-0c11db1367cb31e7c",
            "image_id": "ami-0069aa073aac75299",
            "instance_initiated_shutdown_behavior": "",
            "instance_market_options": [],
            "instance_requirements": [],
            "instance_type": "t2.micro",
            "kernel_id": "",
            "key_name": "binah",
            "latest_version": 1,
            "license_specification": [],
            "maintenance_options": [],
            "metadata_options": [],
            "monitoring": [],
            "name": "dr-project-ec2-pilot-lt-20250422100120546300000007",
            "name_prefix": "dr-project-ec2-pilot-lt-",
            "network_interfaces": [],
            "placement": [],
            "private_dns_name_options": [],
            "ram_disk_id": "",
            "security_group_names": null,
            "tag_specifications": [
              {
                "resource_type": "instance",
                "tags": {
                  "Name": "dr-project-ec2-pilot"
                }
              }
            ],
            "tags": null,
            "tags_all": {},
            "update_default_version": null,
            "user_data": "IyEvYmluL2Jhc2gKCiMgUmVtb3ZlIGFueSBvbGQgRG9ja2VyIHZlcnNpb25zCmZvciBwa2cgaW4gZG9ja2VyLmlvIGRvY2tlci1kb2MgZG9ja2VyLWNvbXBvc2UgZG9ja2VyLWNvbXBvc2UtdjIgcG9kbWFuLWRvY2tlciBjb250YWluZXJkIHJ1bmM7IGRvIAogICAgc3VkbyBhcHQtZ2V0IHJlbW92ZSAteSAkcGtnIApkb25lCgojIFN5c3RlbSB1cGRhdGUgJiBpbnN0YWxsIGRlcGVuZGVuY2llcwpzdWRvIGFwdCB1cGRhdGUgLXkKc3VkbyBhcHQgaW5zdGFsbCAteSBjYS1jZXJ0aWZpY2F0ZXMgY3VybCBnbnVwZwoKIyBTZXR1cCBEb2NrZXIncyBvZmZpY2lhbCBHUEcga2V5CnN1ZG8gaW5zdGFsbCAtbSAwNzU1IC1kIC9ldGMvYXB0L2tleXJpbmdzCnN1ZG8gY3VybCAtZnNTTCBodHRwczovL2Rvd25sb2FkLmRvY2tlci5jb20vbGludXgvdWJ1bnR1L2dwZyAtbyAvZXRjL2FwdC9rZXlyaW5ncy9kb2NrZXIuYXNjCnN1ZG8gY2htb2QgYStyIC9ldGMvYXB0L2tleXJpbmdzL2RvY2tlci5hc2MKCiMgQWRkIERvY2tlciByZXBvIHRvIGFwdCBzb3VyY2VzCmVjaG8gXAogICJkZWIgW2FyY2g9JChkcGtnIC0tcHJpbnQtYXJjaGl0ZWN0dXJlKSBzaWduZWQtYnk9L2V0Yy9hcHQva2V5cmluZ3MvZG9ja2VyLmFzY10gaHR0cHM6Ly9kb3dubG9hZC5kb2NrZXIuY29tL2xpbnV4L3VidW50dSBcCiAgJCguIC9ldGMvb3MtcmVsZWFzZSAmJiBlY2hvICIke1VCVU5UVV9DT0RFTkFNRTotJFZFUlNJT05fQ09ERU5BTUV9Iikgc3RhYmxlIiB8IFwKICBzdWRvIHRlZSAvZXRjL2FwdC9zb3VyY2VzLmxpc3QuZC9kb2NrZXIubGlzdCA+IC9kZXYvbnVsbAoKIyBVcGRhdGUgcGFja2FnZSBpbmRleCBhZ2FpbgpzdWRvIGFwdCB1cGRhdGUgLXkKCiMgSW5zdGFsbCBEb2NrZXIgY29tcG9uZW50cyAoQ29tcG9zZSBWMiBpbmNsdWRlZCkKc3VkbyBhcHQgaW5zdGFsbCAteSBkb2NrZXItY2UgZG9ja2VyLWNlLWNsaSBjb250YWluZXJkLmlvIGRvY2tlci1idWlsZHgtcGx1Z2luIGRvY2tlci1jb21wb3NlLXBsdWdpbgoKIyBTdGFydCBEb2NrZXIgYW5kIGVuYWJsZSBpdCBvbiBib290CnN1ZG8gc3lzdGVtY3RsIHN0YXJ0IGRvY2tlcgpzdWRvIHN5c3RlbWN0bCBlbmFibGUgZG9ja2VyCgojIChPcHRpb25hbCkgSW5zdGFsbCBDb21wb3NlIFYyIG1hbnVhbGx5IGFzIENMSSBwbHVnaW4g4oCUIG9ubHkgbmVlZGVkIGlmIG5vdCB1c2luZyB0aGUgcGx1Z2luIHBhY2thZ2UKbWtkaXIgLXAgfi8uZG9ja2VyL2NsaS1wbHVnaW5zLwpjdXJsIC1TTCBodHRwczovL2dpdGh1Yi5jb20vZG9ja2VyL2NvbXBvc2UvcmVsZWFzZXMvZG93bmxvYWQvdjIuMjQuNS9kb2NrZXItY29tcG9zZS1saW51eC14ODZfNjQgLW8gfi8uZG9ja2VyL2NsaS1wbHVnaW5zL2RvY2tlci1jb21wb3NlCmNobW9kICt4IH4vLmRvY2tlci9jbGktcGx1Z2lucy9kb2NrZXItY29tcG9zZQoKIyBBZGQgY3VycmVudCB1c2VyIHRvIGRvY2tlciBncm91cCAKc3VkbyB1c2VybW9kIC1hRyBkb2NrZXIgJFVTRVIKY2QgL2hvbWUvdWJ1bnR1CmdpdCBjbG9uZSBodHRwczovL2dpdGh1Yi5jb20vQklOQUgyNS9maWxlLXNlcnZlci5naXQKY2QgZmlsZS1zZXJ2ZXIvZG9jdW1lbnRfZGlzdHJpYnV0aW9uCnN1ZG8gZG9ja2VyIGNvbXBvc2UgdXAgLS1idWlsZCAtZAo=",
            "vpc_security_group_ids": [
              "sg-0de8115b372bbda70"
            ]
          },
          "sensitive_attributes": [],
          "private": "bnVsbA==",
          "dependencies": [
            "module.launch_template_dr.aws_iam_instance_profile.ec2_profile",
            "module.launch_template_dr.aws_iam_role.ec2_secrets_access",
            "module.launch_template_dr.data.aws_ami.ubuntu",
            "module.security_group_dr.aws_security_group.ec2_sg",
            "module.vpc_dr.aws_vpc.dr_project_vpc"
          ],
          "create_before_destroy": true
        }
      ]
    },
    {
      "module": "module.monitoring_primary",
      "mode": "managed",
      "type": "aws_cloudwatch_metric_alarm",
      "name": "r53_health_check_alarm",
      "provider": "provider[\"registry.terraform.io/hashicorp/aws\"]",
      "instances": [
        {
          "schema_version": 1,
          "attributes": {
            "actions_enabled": true,
            "alarm_actions": [
              "arn:aws:sns:us-east-1:459058737090:failover-alert-topic"
            ],
            "alarm_description": "Triggers if primary Route53 health check fails",
            "alarm_name": "primary-site-unhealthy",
            "arn": "arn:aws:cloudwatch:us-east-1:459058737090:alarm:primary-site-unhealthy",
            "comparison_operator": "LessThanThreshold",
            "datapoints_to_alarm": 0,
            "dimensions": {
              "HealthCheckId": "ad1eb96e-2a47-407f-a4c0-ce8707f88bce"
            },
            "evaluate_low_sample_count_percentiles": "",
            "evaluation_periods": 1,
            "extended_statistic": "",
            "id": "primary-site-unhealthy",
            "insufficient_data_actions": null,
            "metric_name": "HealthCheckStatus",
            "metric_query": [],
            "namespace": "AWS/Route53",
            "ok_actions": null,
            "period": 30,
            "statistic": "Minimum",
            "tags": null,
            "tags_all": {},
            "threshold": 1,
            "threshold_metric_id": "",
            "treat_missing_data": "missing",
            "unit": ""
          },
          "sensitive_attributes": [],
          "private": "eyJzY2hlbWFfdmVyc2lvbiI6IjEifQ==",
          "dependencies": [
            "data.terraform_remote_state.primary",
            "module.monitoring_primary.aws_sns_topic.failover_topic"
          ]
        }
      ]
    },
    {
      "module": "module.monitoring_primary",
      "mode": "managed",
      "type": "aws_sns_topic",
      "name": "failover_topic",
      "provider": "provider[\"registry.terraform.io/hashicorp/aws\"]",
      "instances": [
        {
          "schema_version": 0,
          "attributes": {
            "application_failure_feedback_role_arn": "",
            "application_success_feedback_role_arn": "",
            "application_success_feedback_sample_rate": 0,
            "archive_policy": "",
            "arn": "arn:aws:sns:us-east-1:459058737090:failover-alert-topic",
            "beginning_archive_time": "",
            "content_based_deduplication": false,
            "delivery_policy": "",
            "display_name": "",
            "fifo_topic": false,
            "firehose_failure_feedback_role_arn": "",
            "firehose_success_feedback_role_arn": "",
            "firehose_success_feedback_sample_rate": 0,
            "http_failure_feedback_role_arn": "",
            "http_success_feedback_role_arn": "",
            "http_success_feedback_sample_rate": 0,
            "id": "arn:aws:sns:us-east-1:459058737090:failover-alert-topic",
            "kms_master_key_id": "",
            "lambda_failure_feedback_role_arn": "",
            "lambda_success_feedback_role_arn": "",
            "lambda_success_feedback_sample_rate": 0,
            "name": "failover-alert-topic",
            "name_prefix": "",
            "owner": "459058737090",
            "policy": "{\"Id\":\"__default_policy_ID\",\"Statement\":[{\"Action\":[\"SNS:GetTopicAttributes\",\"SNS:SetTopicAttributes\",\"SNS:AddPermission\",\"SNS:RemovePermission\",\"SNS:DeleteTopic\",\"SNS:Subscribe\",\"SNS:ListSubscriptionsByTopic\",\"SNS:Publish\"],\"Condition\":{\"StringEquals\":{\"AWS:SourceOwner\":\"459058737090\"}},\"Effect\":\"Allow\",\"Principal\":{\"AWS\":\"*\"},\"Resource\":\"arn:aws:sns:us-east-1:459058737090:failover-alert-topic\",\"Sid\":\"__default_statement_ID\"}],\"Version\":\"2008-10-17\"}",
            "signature_version": 0,
            "sqs_failure_feedback_role_arn": "",
            "sqs_success_feedback_role_arn": "",
            "sqs_success_feedback_sample_rate": 0,
            "tags": null,
            "tags_all": {},
            "tracing_config": ""
          },
          "sensitive_attributes": [],
          "private": "bnVsbA=="
        }
      ]
    },
    {
      "module": "module.rds_dr",
      "mode": "managed",
      "type": "aws_db_instance",
      "name": "replica",
      "provider": "provider[\"registry.terraform.io/hashicorp/aws\"]",
      "instances": [
        {
          "status": "tainted",
          "schema_version": 2,
          "attributes": {
            "address": null,
            "allocated_storage": null,
            "allow_major_version_upgrade": null,
            "apply_immediately": false,
            "arn": null,
            "auto_minor_version_upgrade": true,
            "availability_zone": null,
            "backup_retention_period": null,
            "backup_target": null,
            "backup_window": null,
            "blue_green_update": [],
            "ca_cert_identifier": null,
            "character_set_name": null,
            "copy_tags_to_snapshot": false,
            "custom_iam_instance_profile": null,
            "customer_owned_ip_enabled": null,
            "database_insights_mode": null,
            "db_name": null,
            "db_subnet_group_name": "dr-project-subnet-group",
            "dedicated_log_volume": false,
            "delete_automated_backups": true,
            "deletion_protection": null,
            "domain": null,
            "domain_auth_secret_arn": null,
            "domain_dns_ips": null,
            "domain_fqdn": null,
            "domain_iam_role_name": null,
            "domain_ou": null,
            "enabled_cloudwatch_logs_exports": null,
            "endpoint": null,
            "engine": null,
            "engine_lifecycle_support": null,
            "engine_version": null,
            "engine_version_actual": null,
            "final_snapshot_identifier": null,
            "hosted_zone_id": null,
            "iam_database_authentication_enabled": null,
            "id": "db-LM7CFF2QDBNY3I534RH2O2JRGY",
            "identifier": "postgres-db-replica",
            "identifier_prefix": null,
            "instance_class": "db.t3.micro",
            "iops": null,
            "kms_key_id": null,
            "latest_restorable_time": null,
            "license_model": null,
            "listener_endpoint": null,
            "maintenance_window": null,
            "manage_master_user_password": null,
            "master_user_secret": null,
            "master_user_secret_kms_key_id": null,
            "max_allocated_storage": null,
            "monitoring_interval": 0,
            "monitoring_role_arn": null,
            "multi_az": null,
            "nchar_character_set_name": null,
            "network_type": null,
            "option_group_name": null,
            "parameter_group_name": null,
            "password": null,
            "password_wo": null,
            "password_wo_version": null,
            "performance_insights_enabled": false,
            "performance_insights_kms_key_id": null,
            "performance_insights_retention_period": null,
            "port": null,
            "publicly_accessible": false,
            "replica_mode": null,
            "replicas": null,
            "replicate_source_db": "arn:aws:rds:us-east-2:459058737090:db:postgres-db",
            "resource_id": null,
            "restore_to_point_in_time": [],
            "s3_import": [],
            "skip_final_snapshot": true,
            "snapshot_identifier": null,
            "status": null,
            "storage_encrypted": null,
            "storage_throughput": null,
            "storage_type": null,
            "tags": null,
            "tags_all": null,
            "timeouts": null,
            "timezone": null,
            "upgrade_storage_config": null,
            "username": null,
            "vpc_security_group_ids": [
              "sg-0f6bdf3342b43ff60"
            ]
          },
          "sensitive_attributes": [
            [
              {
                "type": "get_attr",
                "value": "password_wo"
              }
            ],
            [
              {
                "type": "get_attr",
                "value": "password"
              }
            ]
          ],
          "private": "eyJlMmJmYjczMC1lY2FhLTExZTYtOGY4OC0zNDM2M2JjN2M0YzAiOnsiY3JlYXRlIjozMDAwMDAwMDAwMDAwLCJkZWxldGUiOjM2MDAwMDAwMDAwMDAsInVwZGF0ZSI6NDgwMDAwMDAwMDAwMH0sInNjaGVtYV92ZXJzaW9uIjoiMiJ9",
          "dependencies": [
            "data.terraform_remote_state.primary",
            "module.rds_dr.aws_db_subnet_group.db_subnet",
            "module.security_group_dr.aws_security_group.db_sg",
            "module.vpc_dr.aws_subnet.dr_project_private_subnet",
            "module.vpc_dr.aws_vpc.dr_project_vpc"
          ]
        }
      ]
    },
    {
      "module": "module.rds_dr",
      "mode": "managed",
      "type": "aws_db_subnet_group",
      "name": "db_subnet",
      "provider": "provider[\"registry.terraform.io/hashicorp/aws\"]",
      "instances": [
        {
          "schema_version": 0,
          "attributes": {
            "arn": "arn:aws:rds:us-east-1:459058737090:subgrp:dr-project-subnet-group",
            "description": "Managed by Terraform",
            "id": "dr-project-subnet-group",
            "name": "dr-project-subnet-group",
            "name_prefix": "",
            "subnet_ids": [
              "subnet-0325059530211de49",
              "subnet-049976a64bf19929b"
            ],
            "supported_network_types": [
              "IPV4"
            ],
            "tags": null,
            "tags_all": {},
            "vpc_id": "vpc-0245e1da1ac66ad13"
          },
          "sensitive_attributes": [],
          "private": "bnVsbA==",
          "dependencies": [
            "module.vpc_dr.aws_subnet.dr_project_private_subnet",
            "module.vpc_dr.aws_vpc.dr_project_vpc"
          ]
        }
      ]
    },
    {
      "module": "module.route53_dr",
      "mode": "data",
      "type": "aws_route53_zone",
      "name": "selected",
      "provider": "provider[\"registry.terraform.io/hashicorp/aws\"]",
      "instances": [
        {
          "schema_version": 0,
          "attributes": {
            "arn": "arn:aws:route53:::hostedzone/Z08099773UFDLM8PRFYJB",
            "caller_reference": "e551fb31-dc79-421c-a195-df5c15a09a9e",
            "comment": "",
            "id": "Z08099773UFDLM8PRFYJB",
            "linked_service_description": null,
            "linked_service_principal": null,
            "name": "seyram.site",
            "name_servers": [
              "ns-1083.awsdns-07.org",
              "ns-1837.awsdns-37.co.uk",
              "ns-473.awsdns-59.com",
              "ns-834.awsdns-40.net"
            ],
            "primary_name_server": "ns-1083.awsdns-07.org",
            "private_zone": false,
            "resource_record_set_count": 6,
            "tags": {},
            "vpc_id": null,
            "zone_id": "Z08099773UFDLM8PRFYJB"
          },
          "sensitive_attributes": []
        }
      ]
    },
    {
      "module": "module.route53_dr",
      "mode": "managed",
      "type": "aws_route53_health_check",
      "name": "alb",
      "provider": "provider[\"registry.terraform.io/hashicorp/aws\"]",
      "instances": [
        {
          "index_key": 0,
          "schema_version": 0,
          "attributes": {
            "arn": "arn:aws:route53:::healthcheck/e16575b2-f72f-4a48-b714-76b2d72fa72d",
            "child_health_threshold": 0,
            "child_healthchecks": null,
            "cloudwatch_alarm_name": null,
            "cloudwatch_alarm_region": null,
            "disabled": false,
            "enable_sni": true,
            "failure_threshold": 3,
            "fqdn": "dr-project-alb-1575856132.us-east-1.elb.amazonaws.com",
            "id": "e16575b2-f72f-4a48-b714-76b2d72fa72d",
            "insufficient_data_health_status": "",
            "invert_healthcheck": false,
            "ip_address": "",
            "measure_latency": false,
            "port": 443,
            "reference_name": null,
            "regions": null,
            "request_interval": 30,
            "resource_path": "/",
            "routing_control_arn": "",
            "search_string": "",
            "tags": {
              "Name": "SECONDARY-health-check"
            },
            "tags_all": {
              "Name": "SECONDARY-health-check"
            },
            "triggers": {},
            "type": "HTTPS"
          },
          "sensitive_attributes": [],
          "private": "bnVsbA==",
          "dependencies": [
            "module.alb_dr.aws_lb.app_alb",
            "module.security_group_dr.aws_security_group.alb_sg",
            "module.vpc_dr.aws_subnet.dr_project_public_subnet",
            "module.vpc_dr.aws_vpc.dr_project_vpc"
          ]
        }
      ]
    },
    {
      "module": "module.route53_dr",
      "mode": "managed",
      "type": "aws_route53_record",
      "name": "failover_root",
      "provider": "provider[\"registry.terraform.io/hashicorp/aws\"]",
      "instances": [
        {
          "schema_version": 2,
          "attributes": {
            "alias": [
              {
                "evaluate_target_health": true,
                "name": "dr-project-alb-1575856132.us-east-1.elb.amazonaws.com",
                "zone_id": "Z35SXDOTRQ7X7K"
              }
            ],
            "allow_overwrite": null,
            "cidr_routing_policy": [],
            "failover_routing_policy": [
              {
                "type": "SECONDARY"
              }
            ],
            "fqdn": "seyram.site",
            "geolocation_routing_policy": [],
            "geoproximity_routing_policy": [],
            "health_check_id": "e16575b2-f72f-4a48-b714-76b2d72fa72d",
            "id": "Z08099773UFDLM8PRFYJB_seyram.site_A_SECONDARY-alb",
            "latency_routing_policy": [],
            "multivalue_answer_routing_policy": false,
            "name": "seyram.site",
            "records": null,
            "set_identifier": "SECONDARY-alb",
            "timeouts": null,
            "ttl": 0,
            "type": "A",
            "weighted_routing_policy": [],
            "zone_id": "Z08099773UFDLM8PRFYJB"
          },
          "sensitive_attributes": [],
          "private": "eyJlMmJmYjczMC1lY2FhLTExZTYtOGY4OC0zNDM2M2JjN2M0YzAiOnsiY3JlYXRlIjoxODAwMDAwMDAwMDAwLCJkZWxldGUiOjE4MDAwMDAwMDAwMDAsInVwZGF0ZSI6MTgwMDAwMDAwMDAwMH0sInNjaGVtYV92ZXJzaW9uIjoiMiJ9",
          "dependencies": [
            "module.alb_dr.aws_lb.app_alb",
            "module.route53_dr.aws_route53_health_check.alb",
            "module.route53_dr.data.aws_route53_zone.selected",
            "module.security_group_dr.aws_security_group.alb_sg",
            "module.vpc_dr.aws_subnet.dr_project_public_subnet",
            "module.vpc_dr.aws_vpc.dr_project_vpc"
          ]
        }
      ]
    },
    {
      "module": "module.route53_dr",
      "mode": "managed",
      "type": "aws_route53_record",
      "name": "www",
      "provider": "provider[\"registry.terraform.io/hashicorp/aws\"]",
      "instances": []
    },
    {
      "module": "module.security_group_dr",
      "mode": "managed",
      "type": "aws_security_group",
      "name": "alb_sg",
      "provider": "provider[\"registry.terraform.io/hashicorp/aws\"]",
      "instances": [
        {
          "schema_version": 1,
          "attributes": {
            "arn": "arn:aws:ec2:us-east-1:459058737090:security-group/sg-0e456f3881822aa7a",
            "description": "Enable https and http on Port (80 and 443)",
            "egress": [],
            "id": "sg-0e456f3881822aa7a",
            "ingress": [],
            "name": "dr-alb-sg",
            "name_prefix": "",
            "owner_id": "459058737090",
            "revoke_rules_on_delete": false,
            "tags": {
              "Name": "dr-alb-sg"
            },
            "tags_all": {
              "Name": "dr-alb-sg"
            },
            "timeouts": null,
            "vpc_id": "vpc-0245e1da1ac66ad13"
          },
          "sensitive_attributes": [],
          "private": "eyJlMmJmYjczMC1lY2FhLTExZTYtOGY4OC0zNDM2M2JjN2M0YzAiOnsiY3JlYXRlIjo2MDAwMDAwMDAwMDAsImRlbGV0ZSI6OTAwMDAwMDAwMDAwfSwic2NoZW1hX3ZlcnNpb24iOiIxIn0=",
          "dependencies": [
            "module.vpc_dr.aws_vpc.dr_project_vpc"
          ]
        }
      ]
    },
    {
      "module": "module.security_group_dr",
      "mode": "managed",
      "type": "aws_security_group",
      "name": "db_sg",
      "provider": "provider[\"registry.terraform.io/hashicorp/aws\"]",
      "instances": [
        {
          "schema_version": 1,
          "attributes": {
            "arn": "arn:aws:ec2:us-east-1:459058737090:security-group/sg-0f6bdf3342b43ff60",
            "description": "Enable 5432 from ec2 security group",
            "egress": [],
            "id": "sg-0f6bdf3342b43ff60",
            "ingress": [],
            "name": "dr-database-sg",
            "name_prefix": "",
            "owner_id": "459058737090",
            "revoke_rules_on_delete": false,
            "tags": {
              "Name": "dr-database-sg"
            },
            "tags_all": {
              "Name": "dr-database-sg"
            },
            "timeouts": null,
            "vpc_id": "vpc-0245e1da1ac66ad13"
          },
          "sensitive_attributes": [],
          "private": "eyJlMmJmYjczMC1lY2FhLTExZTYtOGY4OC0zNDM2M2JjN2M0YzAiOnsiY3JlYXRlIjo2MDAwMDAwMDAwMDAsImRlbGV0ZSI6OTAwMDAwMDAwMDAwfSwic2NoZW1hX3ZlcnNpb24iOiIxIn0=",
          "dependencies": [
            "module.vpc_dr.aws_vpc.dr_project_vpc"
          ]
        }
      ]
    },
    {
      "module": "module.security_group_dr",
      "mode": "managed",
      "type": "aws_security_group",
      "name": "ec2_sg",
      "provider": "provider[\"registry.terraform.io/hashicorp/aws\"]",
      "instances": [
        {
          "schema_version": 1,
          "attributes": {
            "arn": "arn:aws:ec2:us-east-1:459058737090:security-group/sg-0de8115b372bbda70",
            "description": "Enable https from alb security group",
            "egress": [],
            "id": "sg-0de8115b372bbda70",
            "ingress": [],
            "name": "dr-ec2-sg",
            "name_prefix": "",
            "owner_id": "459058737090",
            "revoke_rules_on_delete": false,
            "tags": {
              "Name": "dr-ec2-sg"
            },
            "tags_all": {
              "Name": "dr-ec2-sg"
            },
            "timeouts": null,
            "vpc_id": "vpc-0245e1da1ac66ad13"
          },
          "sensitive_attributes": [],
          "private": "eyJlMmJmYjczMC1lY2FhLTExZTYtOGY4OC0zNDM2M2JjN2M0YzAiOnsiY3JlYXRlIjo2MDAwMDAwMDAwMDAsImRlbGV0ZSI6OTAwMDAwMDAwMDAwfSwic2NoZW1hX3ZlcnNpb24iOiIxIn0=",
          "dependencies": [
            "module.vpc_dr.aws_vpc.dr_project_vpc"
          ],
          "create_before_destroy": true
        }
      ]
    },
    {
      "module": "module.security_group_dr",
      "mode": "managed",
      "type": "aws_vpc_security_group_egress_rule",
      "name": "allow_all_outbound_alb",
      "provider": "provider[\"registry.terraform.io/hashicorp/aws\"]",
      "instances": [
        {
          "schema_version": 0,
          "attributes": {
            "arn": "arn:aws:ec2:us-east-1:459058737090:security-group-rule/sgr-00c293f3127b3a222",
            "cidr_ipv4": "0.0.0.0/0",
            "cidr_ipv6": null,
            "description": null,
            "from_port": null,
            "id": "sgr-00c293f3127b3a222",
            "ip_protocol": "-1",
            "prefix_list_id": null,
            "referenced_security_group_id": null,
            "security_group_id": "sg-0e456f3881822aa7a",
            "security_group_rule_id": "sgr-00c293f3127b3a222",
            "tags": {
              "Name": "Allow all outbound"
            },
            "tags_all": {
              "Name": "Allow all outbound"
            },
            "to_port": null
          },
          "sensitive_attributes": [],
          "dependencies": [
            "module.security_group_dr.aws_security_group.alb_sg",
            "module.vpc_dr.aws_vpc.dr_project_vpc"
          ]
        }
      ]
    },
    {
      "module": "module.security_group_dr",
      "mode": "managed",
      "type": "aws_vpc_security_group_egress_rule",
      "name": "db_sg_egress_rule",
      "provider": "provider[\"registry.terraform.io/hashicorp/aws\"]",
      "instances": [
        {
          "schema_version": 0,
          "attributes": {
            "arn": "arn:aws:ec2:us-east-1:459058737090:security-group-rule/sgr-098487c1c22cdd69d",
            "cidr_ipv4": "0.0.0.0/0",
            "cidr_ipv6": null,
            "description": null,
            "from_port": null,
            "id": "sgr-098487c1c22cdd69d",
            "ip_protocol": "-1",
            "prefix_list_id": null,
            "referenced_security_group_id": null,
            "security_group_id": "sg-0f6bdf3342b43ff60",
            "security_group_rule_id": "sgr-098487c1c22cdd69d",
            "tags": {
              "Name": "Allow all outbound"
            },
            "tags_all": {
              "Name": "Allow all outbound"
            },
            "to_port": null
          },
          "sensitive_attributes": [],
          "dependencies": [
            "module.security_group_dr.aws_security_group.db_sg",
            "module.vpc_dr.aws_vpc.dr_project_vpc"
          ]
        }
      ]
    },
    {
      "module": "module.security_group_dr",
      "mode": "managed",
      "type": "aws_vpc_security_group_egress_rule",
      "name": "ec2_sg_egress_rule",
      "provider": "provider[\"registry.terraform.io/hashicorp/aws\"]",
      "instances": [
        {
          "schema_version": 0,
          "attributes": {
            "arn": "arn:aws:ec2:us-east-1:459058737090:security-group-rule/sgr-061e5e95fddee6985",
            "cidr_ipv4": "0.0.0.0/0",
            "cidr_ipv6": null,
            "description": null,
            "from_port": null,
            "id": "sgr-061e5e95fddee6985",
            "ip_protocol": "-1",
            "prefix_list_id": null,
            "referenced_security_group_id": null,
            "security_group_id": "sg-0de8115b372bbda70",
            "security_group_rule_id": "sgr-061e5e95fddee6985",
            "tags": {
              "Name": "Allow all outbound"
            },
            "tags_all": {
              "Name": "Allow all outbound"
            },
            "to_port": null
          },
          "sensitive_attributes": [],
          "dependencies": [
            "module.security_group_dr.aws_security_group.ec2_sg",
            "module.vpc_dr.aws_vpc.dr_project_vpc"
          ]
        }
      ]
    },
    {
      "module": "module.security_group_dr",
      "mode": "managed",
      "type": "aws_vpc_security_group_ingress_rule",
      "name": "allow_http_alb",
      "provider": "provider[\"registry.terraform.io/hashicorp/aws\"]",
      "instances": [
        {
          "schema_version": 0,
          "attributes": {
            "arn": "arn:aws:ec2:us-east-1:459058737090:security-group-rule/sgr-0d9408085edfc2f55",
            "cidr_ipv4": "0.0.0.0/0",
            "cidr_ipv6": null,
            "description": "Allow remote HTTP from anywhere",
            "from_port": 80,
            "id": "sgr-0d9408085edfc2f55",
            "ip_protocol": "tcp",
            "prefix_list_id": null,
            "referenced_security_group_id": null,
            "security_group_id": "sg-0e456f3881822aa7a",
            "security_group_rule_id": "sgr-0d9408085edfc2f55",
            "tags": {
              "Name": "Security Groups to allow HTTP(80)"
            },
            "tags_all": {
              "Name": "Security Groups to allow HTTP(80)"
            },
            "to_port": 80
          },
          "sensitive_attributes": [],
          "dependencies": [
            "module.security_group_dr.aws_security_group.alb_sg",
            "module.vpc_dr.aws_vpc.dr_project_vpc"
          ]
        }
      ]
    },
    {
      "module": "module.security_group_dr",
      "mode": "managed",
      "type": "aws_vpc_security_group_ingress_rule",
      "name": "allow_https_alb",
      "provider": "provider[\"registry.terraform.io/hashicorp/aws\"]",
      "instances": [
        {
          "schema_version": 0,
          "attributes": {
            "arn": "arn:aws:ec2:us-east-1:459058737090:security-group-rule/sgr-0ac41ec1c75af00ed",
            "cidr_ipv4": "0.0.0.0/0",
            "cidr_ipv6": null,
            "description": "Allow remote HTTPS from anywhere",
            "from_port": 443,
            "id": "sgr-0ac41ec1c75af00ed",
            "ip_protocol": "tcp",
            "prefix_list_id": null,
            "referenced_security_group_id": null,
            "security_group_id": "sg-0e456f3881822aa7a",
            "security_group_rule_id": "sgr-0ac41ec1c75af00ed",
            "tags": {
              "Name": "Security Groups to allow HTTPS(443)"
            },
            "tags_all": {
              "Name": "Security Groups to allow HTTPS(443)"
            },
            "to_port": 443
          },
          "sensitive_attributes": [],
          "dependencies": [
            "module.security_group_dr.aws_security_group.alb_sg",
            "module.vpc_dr.aws_vpc.dr_project_vpc"
          ]
        }
      ]
    },
    {
      "module": "module.security_group_dr",
      "mode": "managed",
      "type": "aws_vpc_security_group_ingress_rule",
      "name": "db_sg_ingress_rule",
      "provider": "provider[\"registry.terraform.io/hashicorp/aws\"]",
      "instances": [
        {
          "schema_version": 0,
          "attributes": {
            "arn": "arn:aws:ec2:us-east-1:459058737090:security-group-rule/sgr-076c341b43dd713df",
            "cidr_ipv4": null,
            "cidr_ipv6": null,
            "description": "Allow  HTTPS from alb",
            "from_port": 5432,
            "id": "sgr-076c341b43dd713df",
            "ip_protocol": "tcp",
            "prefix_list_id": null,
            "referenced_security_group_id": "sg-0de8115b372bbda70",
            "security_group_id": "sg-0f6bdf3342b43ff60",
            "security_group_rule_id": "sgr-076c341b43dd713df",
            "tags": {
              "Name": "dr-database-sg"
            },
            "tags_all": {
              "Name": "dr-database-sg"
            },
            "to_port": 5432
          },
          "sensitive_attributes": [],
          "dependencies": [
            "module.security_group_dr.aws_security_group.db_sg",
            "module.security_group_dr.aws_security_group.ec2_sg",
            "module.vpc_dr.aws_vpc.dr_project_vpc"
          ]
        }
      ]
    },
    {
      "module": "module.security_group_dr",
      "mode": "managed",
      "type": "aws_vpc_security_group_ingress_rule",
      "name": "ec2_sg_ingress_rule",
      "provider": "provider[\"registry.terraform.io/hashicorp/aws\"]",
      "instances": [
        {
          "schema_version": 0,
          "attributes": {
            "arn": "arn:aws:ec2:us-east-1:459058737090:security-group-rule/sgr-030ec55669d77ef5b",
            "cidr_ipv4": null,
            "cidr_ipv6": null,
            "description": "Allow  HTTPS from alb",
            "from_port": 443,
            "id": "sgr-030ec55669d77ef5b",
            "ip_protocol": "tcp",
            "prefix_list_id": null,
            "referenced_security_group_id": "sg-0e456f3881822aa7a",
            "security_group_id": "sg-0de8115b372bbda70",
            "security_group_rule_id": "sgr-030ec55669d77ef5b",
            "tags": {
              "Name": "dr-ec2-sg"
            },
            "tags_all": {
              "Name": "dr-ec2-sg"
            },
            "to_port": 443
          },
          "sensitive_attributes": [],
          "dependencies": [
            "module.security_group_dr.aws_security_group.alb_sg",
            "module.security_group_dr.aws_security_group.ec2_sg",
            "module.vpc_dr.aws_vpc.dr_project_vpc"
          ]
        }
      ]
    },
    {
      "module": "module.security_group_dr",
      "mode": "managed",
      "type": "aws_vpc_security_group_ingress_rule",
      "name": "ec2_sg_ingress_rule1",
      "provider": "provider[\"registry.terraform.io/hashicorp/aws\"]",
      "instances": [
        {
          "schema_version": 0,
          "attributes": {
            "arn": "arn:aws:ec2:us-east-1:459058737090:security-group-rule/sgr-0254332a99a777f84",
            "cidr_ipv4": null,
            "cidr_ipv6": null,
            "description": "Allow  HTTP from alb",
            "from_port": 80,
            "id": "sgr-0254332a99a777f84",
            "ip_protocol": "tcp",
            "prefix_list_id": null,
            "referenced_security_group_id": "sg-0e456f3881822aa7a",
            "security_group_id": "sg-0de8115b372bbda70",
            "security_group_rule_id": "sgr-0254332a99a777f84",
            "tags": {
              "Name": "dr-ec2-sg"
            },
            "tags_all": {
              "Name": "dr-ec2-sg"
            },
            "to_port": 80
          },
          "sensitive_attributes": [],
          "dependencies": [
            "module.security_group_dr.aws_security_group.alb_sg",
            "module.security_group_dr.aws_security_group.ec2_sg",
            "module.vpc_dr.aws_vpc.dr_project_vpc"
          ]
        }
      ]
    },
    {
      "module": "module.security_group_dr",
      "mode": "managed",
      "type": "aws_vpc_security_group_ingress_rule",
      "name": "ec2_sg_ingress_rule_2",
      "provider": "provider[\"registry.terraform.io/hashicorp/aws\"]",
      "instances": [
        {
          "schema_version": 0,
          "attributes": {
            "arn": "arn:aws:ec2:us-east-1:459058737090:security-group-rule/sgr-00225d415815ce40c",
            "cidr_ipv4": "0.0.0.0/0",
            "cidr_ipv6": null,
            "description": "Allow remote SSH from anywhere",
            "from_port": 22,
            "id": "sgr-00225d415815ce40c",
            "ip_protocol": "tcp",
            "prefix_list_id": null,
            "referenced_security_group_id": null,
            "security_group_id": "sg-0de8115b372bbda70",
            "security_group_rule_id": "sgr-00225d415815ce40c",
            "tags": {
              "Name": "Security Groups to allow SSH(22)"
            },
            "tags_all": {
              "Name": "Security Groups to allow SSH(22)"
            },
            "to_port": 22
          },
          "sensitive_attributes": [],
          "dependencies": [
            "module.security_group_dr.aws_security_group.ec2_sg",
            "module.vpc_dr.aws_vpc.dr_project_vpc"
          ]
        }
      ]
    },
    {
      "module": "module.vpc_dr",
      "mode": "managed",
      "type": "aws_internet_gateway",
      "name": "dr_project_internet_gateway",
      "provider": "provider[\"registry.terraform.io/hashicorp/aws\"]",
      "instances": [
        {
          "schema_version": 0,
          "attributes": {
            "arn": "arn:aws:ec2:us-east-1:459058737090:internet-gateway/igw-0fea1e2e9f3d043bf",
            "id": "igw-0fea1e2e9f3d043bf",
            "owner_id": "459058737090",
            "tags": {
              "Name": "dr-proj-internet-gateway"
            },
            "tags_all": {
              "Name": "dr-proj-internet-gateway"
            },
            "timeouts": null,
            "vpc_id": "vpc-0245e1da1ac66ad13"
          },
          "sensitive_attributes": [],
          "private": "eyJlMmJmYjczMC1lY2FhLTExZTYtOGY4OC0zNDM2M2JjN2M0YzAiOnsiY3JlYXRlIjoxMjAwMDAwMDAwMDAwLCJkZWxldGUiOjEyMDAwMDAwMDAwMDAsInVwZGF0ZSI6MTIwMDAwMDAwMDAwMH19",
          "dependencies": [
            "module.vpc_dr.aws_vpc.dr_project_vpc"
          ]
        }
      ]
    },
    {
      "module": "module.vpc_dr",
      "mode": "managed",
      "type": "aws_route_table",
      "name": "dr_project_private_route_table",
      "provider": "provider[\"registry.terraform.io/hashicorp/aws\"]",
      "instances": [
        {
          "schema_version": 0,
          "attributes": {
            "arn": "arn:aws:ec2:us-east-1:459058737090:route-table/rtb-08afa5928c968a6e0",
            "id": "rtb-08afa5928c968a6e0",
            "owner_id": "459058737090",
            "propagating_vgws": [],
            "route": [],
            "tags": {
              "Name": "dr-proj-private-rt"
            },
            "tags_all": {
              "Name": "dr-proj-private-rt"
            },
            "timeouts": null,
            "vpc_id": "vpc-0245e1da1ac66ad13"
          },
          "sensitive_attributes": [],
          "private": "eyJlMmJmYjczMC1lY2FhLTExZTYtOGY4OC0zNDM2M2JjN2M0YzAiOnsiY3JlYXRlIjozMDAwMDAwMDAwMDAsImRlbGV0ZSI6MzAwMDAwMDAwMDAwLCJ1cGRhdGUiOjEyMDAwMDAwMDAwMH19",
          "dependencies": [
            "module.vpc_dr.aws_vpc.dr_project_vpc"
          ]
        }
      ]
    },
    {
      "module": "module.vpc_dr",
      "mode": "managed",
      "type": "aws_route_table",
      "name": "dr_project_public_route_table",
      "provider": "provider[\"registry.terraform.io/hashicorp/aws\"]",
      "instances": [
        {
          "schema_version": 0,
          "attributes": {
            "arn": "arn:aws:ec2:us-east-1:459058737090:route-table/rtb-0b16e45b84d2116b3",
            "id": "rtb-0b16e45b84d2116b3",
            "owner_id": "459058737090",
            "propagating_vgws": [],
            "route": [
              {
                "carrier_gateway_id": "",
                "cidr_block": "0.0.0.0/0",
                "core_network_arn": "",
                "destination_prefix_list_id": "",
                "egress_only_gateway_id": "",
                "gateway_id": "igw-0fea1e2e9f3d043bf",
                "ipv6_cidr_block": "",
                "local_gateway_id": "",
                "nat_gateway_id": "",
                "network_interface_id": "",
                "transit_gateway_id": "",
                "vpc_endpoint_id": "",
                "vpc_peering_connection_id": ""
              }
            ],
            "tags": {
              "Name": "dr-proj-public-rt"
            },
            "tags_all": {
              "Name": "dr-proj-public-rt"
            },
            "timeouts": null,
            "vpc_id": "vpc-0245e1da1ac66ad13"
          },
          "sensitive_attributes": [],
          "private": "eyJlMmJmYjczMC1lY2FhLTExZTYtOGY4OC0zNDM2M2JjN2M0YzAiOnsiY3JlYXRlIjozMDAwMDAwMDAwMDAsImRlbGV0ZSI6MzAwMDAwMDAwMDAwLCJ1cGRhdGUiOjEyMDAwMDAwMDAwMH19",
          "dependencies": [
            "module.vpc_dr.aws_internet_gateway.dr_project_internet_gateway",
            "module.vpc_dr.aws_vpc.dr_project_vpc"
          ]
        }
      ]
    },
    {
      "module": "module.vpc_dr",
      "mode": "managed",
      "type": "aws_route_table_association",
      "name": "dr_project_private_rt_subnet_association",
      "provider": "provider[\"registry.terraform.io/hashicorp/aws\"]",
      "instances": [
        {
          "index_key": 0,
          "schema_version": 0,
          "attributes": {
            "gateway_id": "",
            "id": "rtbassoc-03e99f2e0131f39a3",
            "route_table_id": "rtb-08afa5928c968a6e0",
            "subnet_id": "subnet-049976a64bf19929b",
            "timeouts": null
          },
          "sensitive_attributes": [],
          "private": "eyJlMmJmYjczMC1lY2FhLTExZTYtOGY4OC0zNDM2M2JjN2M0YzAiOnsiY3JlYXRlIjozMDAwMDAwMDAwMDAsImRlbGV0ZSI6MzAwMDAwMDAwMDAwLCJ1cGRhdGUiOjEyMDAwMDAwMDAwMH19",
          "dependencies": [
            "module.vpc_dr.aws_route_table.dr_project_private_route_table",
            "module.vpc_dr.aws_subnet.dr_project_private_subnet",
            "module.vpc_dr.aws_vpc.dr_project_vpc"
          ]
        },
        {
          "index_key": 1,
          "schema_version": 0,
          "attributes": {
            "gateway_id": "",
            "id": "rtbassoc-05472dcbafedc5b1f",
            "route_table_id": "rtb-08afa5928c968a6e0",
            "subnet_id": "subnet-0325059530211de49",
            "timeouts": null
          },
          "sensitive_attributes": [],
          "private": "eyJlMmJmYjczMC1lY2FhLTExZTYtOGY4OC0zNDM2M2JjN2M0YzAiOnsiY3JlYXRlIjozMDAwMDAwMDAwMDAsImRlbGV0ZSI6MzAwMDAwMDAwMDAwLCJ1cGRhdGUiOjEyMDAwMDAwMDAwMH19",
          "dependencies": [
            "module.vpc_dr.aws_route_table.dr_project_private_route_table",
            "module.vpc_dr.aws_subnet.dr_project_private_subnet",
            "module.vpc_dr.aws_vpc.dr_project_vpc"
          ]
        }
      ]
    },
    {
      "module": "module.vpc_dr",
      "mode": "managed",
      "type": "aws_route_table_association",
      "name": "dr_project_public_rt_subnet_association",
      "provider": "provider[\"registry.terraform.io/hashicorp/aws\"]",
      "instances": [
        {
          "index_key": 0,
          "schema_version": 0,
          "attributes": {
            "gateway_id": "",
            "id": "rtbassoc-049131a60c9acc632",
            "route_table_id": "rtb-0b16e45b84d2116b3",
            "subnet_id": "subnet-0b1ffdd76fde268d3",
            "timeouts": null
          },
          "sensitive_attributes": [],
          "private": "eyJlMmJmYjczMC1lY2FhLTExZTYtOGY4OC0zNDM2M2JjN2M0YzAiOnsiY3JlYXRlIjozMDAwMDAwMDAwMDAsImRlbGV0ZSI6MzAwMDAwMDAwMDAwLCJ1cGRhdGUiOjEyMDAwMDAwMDAwMH19",
          "dependencies": [
            "module.vpc_dr.aws_internet_gateway.dr_project_internet_gateway",
            "module.vpc_dr.aws_route_table.dr_project_public_route_table",
            "module.vpc_dr.aws_subnet.dr_project_public_subnet",
            "module.vpc_dr.aws_vpc.dr_project_vpc"
          ]
        },
        {
          "index_key": 1,
          "schema_version": 0,
          "attributes": {
            "gateway_id": "",
            "id": "rtbassoc-065cc4eb56e8d57e3",
            "route_table_id": "rtb-0b16e45b84d2116b3",
            "subnet_id": "subnet-003fafaa90a8a63ce",
            "timeouts": null
          },
          "sensitive_attributes": [],
          "private": "eyJlMmJmYjczMC1lY2FhLTExZTYtOGY4OC0zNDM2M2JjN2M0YzAiOnsiY3JlYXRlIjozMDAwMDAwMDAwMDAsImRlbGV0ZSI6MzAwMDAwMDAwMDAwLCJ1cGRhdGUiOjEyMDAwMDAwMDAwMH19",
          "dependencies": [
            "module.vpc_dr.aws_internet_gateway.dr_project_internet_gateway",
            "module.vpc_dr.aws_route_table.dr_project_public_route_table",
            "module.vpc_dr.aws_subnet.dr_project_public_subnet",
            "module.vpc_dr.aws_vpc.dr_project_vpc"
          ]
        }
      ]
    },
    {
      "module": "module.vpc_dr",
      "mode": "managed",
      "type": "aws_subnet",
      "name": "dr_project_private_subnet",
      "provider": "provider[\"registry.terraform.io/hashicorp/aws\"]",
      "instances": [
        {
          "index_key": 0,
          "schema_version": 1,
          "attributes": {
            "arn": "arn:aws:ec2:us-east-1:459058737090:subnet/subnet-049976a64bf19929b",
            "assign_ipv6_address_on_creation": false,
            "availability_zone": "us-east-1a",
            "availability_zone_id": "use1-az4",
            "cidr_block": "11.0.3.0/24",
            "customer_owned_ipv4_pool": "",
            "enable_dns64": false,
            "enable_lni_at_device_index": 0,
            "enable_resource_name_dns_a_record_on_launch": false,
            "enable_resource_name_dns_aaaa_record_on_launch": false,
            "id": "subnet-049976a64bf19929b",
            "ipv6_cidr_block": "",
            "ipv6_cidr_block_association_id": "",
            "ipv6_native": false,
            "map_customer_owned_ip_on_launch": false,
            "map_public_ip_on_launch": false,
            "outpost_arn": "",
            "owner_id": "459058737090",
            "private_dns_hostname_type_on_launch": "ip-name",
            "tags": {
              "Name": "dr-proj-private-subnet-1"
            },
            "tags_all": {
              "Name": "dr-proj-private-subnet-1"
            },
            "timeouts": null,
            "vpc_id": "vpc-0245e1da1ac66ad13"
          },
          "sensitive_attributes": [],
          "private": "eyJlMmJmYjczMC1lY2FhLTExZTYtOGY4OC0zNDM2M2JjN2M0YzAiOnsiY3JlYXRlIjo2MDAwMDAwMDAwMDAsImRlbGV0ZSI6MTIwMDAwMDAwMDAwMH0sInNjaGVtYV92ZXJzaW9uIjoiMSJ9",
          "dependencies": [
            "module.vpc_dr.aws_vpc.dr_project_vpc"
          ]
        },
        {
          "index_key": 1,
          "schema_version": 1,
          "attributes": {
            "arn": "arn:aws:ec2:us-east-1:459058737090:subnet/subnet-0325059530211de49",
            "assign_ipv6_address_on_creation": false,
            "availability_zone": "us-east-1b",
            "availability_zone_id": "use1-az6",
            "cidr_block": "11.0.4.0/24",
            "customer_owned_ipv4_pool": "",
            "enable_dns64": false,
            "enable_lni_at_device_index": 0,
            "enable_resource_name_dns_a_record_on_launch": false,
            "enable_resource_name_dns_aaaa_record_on_launch": false,
            "id": "subnet-0325059530211de49",
            "ipv6_cidr_block": "",
            "ipv6_cidr_block_association_id": "",
            "ipv6_native": false,
            "map_customer_owned_ip_on_launch": false,
            "map_public_ip_on_launch": false,
            "outpost_arn": "",
            "owner_id": "459058737090",
            "private_dns_hostname_type_on_launch": "ip-name",
            "tags": {
              "Name": "dr-proj-private-subnet-2"
            },
            "tags_all": {
              "Name": "dr-proj-private-subnet-2"
            },
            "timeouts": null,
            "vpc_id": "vpc-0245e1da1ac66ad13"
          },
          "sensitive_attributes": [],
          "private": "eyJlMmJmYjczMC1lY2FhLTExZTYtOGY4OC0zNDM2M2JjN2M0YzAiOnsiY3JlYXRlIjo2MDAwMDAwMDAwMDAsImRlbGV0ZSI6MTIwMDAwMDAwMDAwMH0sInNjaGVtYV92ZXJzaW9uIjoiMSJ9",
          "dependencies": [
            "module.vpc_dr.aws_vpc.dr_project_vpc"
          ]
        }
      ]
    },
    {
      "module": "module.vpc_dr",
      "mode": "managed",
      "type": "aws_subnet",
      "name": "dr_project_public_subnet",
      "provider": "provider[\"registry.terraform.io/hashicorp/aws\"]",
      "instances": [
        {
          "index_key": 0,
          "schema_version": 1,
          "attributes": {
            "arn": "arn:aws:ec2:us-east-1:459058737090:subnet/subnet-0b1ffdd76fde268d3",
            "assign_ipv6_address_on_creation": false,
            "availability_zone": "us-east-1a",
            "availability_zone_id": "use1-az4",
            "cidr_block": "11.0.1.0/24",
            "customer_owned_ipv4_pool": "",
            "enable_dns64": false,
            "enable_lni_at_device_index": 0,
            "enable_resource_name_dns_a_record_on_launch": false,
            "enable_resource_name_dns_aaaa_record_on_launch": false,
            "id": "subnet-0b1ffdd76fde268d3",
            "ipv6_cidr_block": "",
            "ipv6_cidr_block_association_id": "",
            "ipv6_native": false,
            "map_customer_owned_ip_on_launch": false,
            "map_public_ip_on_launch": true,
            "outpost_arn": "",
            "owner_id": "459058737090",
            "private_dns_hostname_type_on_launch": "ip-name",
            "tags": {
              "Name": "dr-proj-public-subnet-1"
            },
            "tags_all": {
              "Name": "dr-proj-public-subnet-1"
            },
            "timeouts": null,
            "vpc_id": "vpc-0245e1da1ac66ad13"
          },
          "sensitive_attributes": [],
          "private": "eyJlMmJmYjczMC1lY2FhLTExZTYtOGY4OC0zNDM2M2JjN2M0YzAiOnsiY3JlYXRlIjo2MDAwMDAwMDAwMDAsImRlbGV0ZSI6MTIwMDAwMDAwMDAwMH0sInNjaGVtYV92ZXJzaW9uIjoiMSJ9",
          "dependencies": [
            "module.vpc_dr.aws_vpc.dr_project_vpc"
          ],
          "create_before_destroy": true
        },
        {
          "index_key": 1,
          "schema_version": 1,
          "attributes": {
            "arn": "arn:aws:ec2:us-east-1:459058737090:subnet/subnet-003fafaa90a8a63ce",
            "assign_ipv6_address_on_creation": false,
            "availability_zone": "us-east-1b",
            "availability_zone_id": "use1-az6",
            "cidr_block": "11.0.2.0/24",
            "customer_owned_ipv4_pool": "",
            "enable_dns64": false,
            "enable_lni_at_device_index": 0,
            "enable_resource_name_dns_a_record_on_launch": false,
            "enable_resource_name_dns_aaaa_record_on_launch": false,
            "id": "subnet-003fafaa90a8a63ce",
            "ipv6_cidr_block": "",
            "ipv6_cidr_block_association_id": "",
            "ipv6_native": false,
            "map_customer_owned_ip_on_launch": false,
            "map_public_ip_on_launch": true,
            "outpost_arn": "",
            "owner_id": "459058737090",
            "private_dns_hostname_type_on_launch": "ip-name",
            "tags": {
              "Name": "dr-proj-public-subnet-2"
            },
            "tags_all": {
              "Name": "dr-proj-public-subnet-2"
            },
            "timeouts": null,
            "vpc_id": "vpc-0245e1da1ac66ad13"
          },
          "sensitive_attributes": [],
          "private": "eyJlMmJmYjczMC1lY2FhLTExZTYtOGY4OC0zNDM2M2JjN2M0YzAiOnsiY3JlYXRlIjo2MDAwMDAwMDAwMDAsImRlbGV0ZSI6MTIwMDAwMDAwMDAwMH0sInNjaGVtYV92ZXJzaW9uIjoiMSJ9",
          "dependencies": [
            "module.vpc_dr.aws_vpc.dr_project_vpc"
          ],
          "create_before_destroy": true
        }
      ]
    },
    {
      "module": "module.vpc_dr",
      "mode": "managed",
      "type": "aws_vpc",
      "name": "dr_project_vpc",
      "provider": "provider[\"registry.terraform.io/hashicorp/aws\"]",
      "instances": [
        {
          "schema_version": 1,
          "attributes": {
            "arn": "arn:aws:ec2:us-east-1:459058737090:vpc/vpc-0245e1da1ac66ad13",
            "assign_generated_ipv6_cidr_block": false,
            "cidr_block": "11.0.0.0/16",
            "default_network_acl_id": "acl-0b913f0300791af98",
            "default_route_table_id": "rtb-0a53609c99cb5f4b2",
            "default_security_group_id": "sg-09b868be11b8b489d",
            "dhcp_options_id": "dopt-0b8b0e82076b68c9c",
            "enable_dns_hostnames": false,
            "enable_dns_support": true,
            "enable_network_address_usage_metrics": false,
            "id": "vpc-0245e1da1ac66ad13",
            "instance_tenancy": "default",
            "ipv4_ipam_pool_id": null,
            "ipv4_netmask_length": null,
            "ipv6_association_id": "",
            "ipv6_cidr_block": "",
            "ipv6_cidr_block_network_border_group": "",
            "ipv6_ipam_pool_id": "",
            "ipv6_netmask_length": 0,
            "main_route_table_id": "rtb-0a53609c99cb5f4b2",
            "owner_id": "459058737090",
            "tags": {
              "Name": "dr-proj-us-east-vpc"
            },
            "tags_all": {
              "Name": "dr-proj-us-east-vpc"
            }
          },
          "sensitive_attributes": [],
          "private": "eyJzY2hlbWFfdmVyc2lvbiI6IjEifQ==",
          "create_before_destroy": true
        }
      ]
    }
  ],
  "check_results": null
}
